
Microsoft Visual Studio Solution File, Format Version 11.00
# Visual Studio 2010
# SharpDevelop 5.1
Project("{FAE04EC0-301F-11D3-BF4B-00C04F79EFBC}") = "lebel", "lebel\lebel.csproj", "{B07CF7D4-BEEF-40E8-A3F2-5B96BAEC180E}"
EndProject
Global
	GlobalSection(SolutionConfigurationPlatforms) = preSolution
		Debug|Any CPU = Debug|Any CPU
		Release|Any CPU = Release|Any CPU
	EndGlobalSection
	GlobalSection(ProjectConfigurationPlatforms) = postSolution
		{B07CF7D4-BEEF-40E8-A3F2-5B96BAEC180E}.Debug|Any CPU.ActiveCfg = Debug|Any CPU
		{B07CF7D4-BEEF-40E8-A3F2-5B96BAEC180E}.Debug|Any CPU.Build.0 = Debug|Any CPU
		{B07CF7D4-BEEF-40E8-A3F2-5B96BAEC180E}.Release|Any CPU.ActiveCfg = Release|Any CPU
		{B07CF7D4-BEEF-40E8-A3F2-5B96BAEC180E}.Release|Any CPU.Build.0 = Release|Any CPU
	EndGlobalSection
EndGlobal
